
Microsoft Visual Studio Solution File, Format Version 12.00
# Visual Studio Version 17
VisualStudioVersion = 17.14.36203.30 d17.14
MinimumVisualStudioVersion = 10.0.40219.1
Project("{FAE04EC0-301F-11D3-BF4B-00C04F79EFBC}") = "VeiculoCadastro", "VeiculoCadastro.csproj", "{6AF739BB-F56A-4ADF-A0EC-8627D618712A}"
EndProject
Global
	GlobalSection(SolutionConfigurationPlatforms) = preSolution
		Debug|Any CPU = Debug|Any CPU
		Release|Any CPU = Release|Any CPU
	EndGlobalSection
	GlobalSection(ProjectConfigurationPlatforms) = postSolution
		{6AF739BB-F56A-4ADF-A0EC-8627D618712A}.Debug|Any CPU.ActiveCfg = Debug|Any CPU
		{6AF739BB-F56A-4ADF-A0EC-8627D618712A}.Debug|Any CPU.Build.0 = Debug|Any CPU
		{6AF739BB-F56A-4ADF-A0EC-8627D618712A}.Release|Any CPU.ActiveCfg = Release|Any CPU
		{6AF739BB-F56A-4ADF-A0EC-8627D618712A}.Release|Any CPU.Build.0 = Release|Any CPU
	EndGlobalSection
	GlobalSection(SolutionProperties) = preSolution
		HideSolutionNode = FALSE
	EndGlobalSection
	GlobalSection(ExtensibilityGlobals) = postSolution
		SolutionGuid = {79D280AB-C0B4-4622-8A67-A5F3654F2384}
	EndGlobalSection
EndGlobal
