
Microsoft Visual Studio Solution File, Format Version 12.00
# Visual Studio Version 17
VisualStudioVersion = 17.14.36203.30 d17.14
MinimumVisualStudioVersion = 10.0.40219.1
Project("{FAE04EC0-301F-11D3-BF4B-00C04F79EFBC}") = "CadastroDeUsuario", "CadastroDeUsuario\CadastroDeUsuario.csproj", "{7BA5E697-D490-4E0C-977C-6210A1BEBFC9}"
EndProject
Global
	GlobalSection(SolutionConfigurationPlatforms) = preSolution
		Debug|Any CPU = Debug|Any CPU
		Release|Any CPU = Release|Any CPU
	EndGlobalSection
	GlobalSection(ProjectConfigurationPlatforms) = postSolution
		{7BA5E697-D490-4E0C-977C-6210A1BEBFC9}.Debug|Any CPU.ActiveCfg = Debug|Any CPU
		{7BA5E697-D490-4E0C-977C-6210A1BEBFC9}.Debug|Any CPU.Build.0 = Debug|Any CPU
		{7BA5E697-D490-4E0C-977C-6210A1BEBFC9}.Release|Any CPU.ActiveCfg = Release|Any CPU
		{7BA5E697-D490-4E0C-977C-6210A1BEBFC9}.Release|Any CPU.Build.0 = Release|Any CPU
	EndGlobalSection
	GlobalSection(SolutionProperties) = preSolution
		HideSolutionNode = FALSE
	EndGlobalSection
	GlobalSection(ExtensibilityGlobals) = postSolution
		SolutionGuid = {15298EB8-6D51-43E5-8451-47C065D3CF7B}
	EndGlobalSection
EndGlobal
